// !$*UTF8*$!
{
	archiveVersion = 1;
	classes = {
	};
	objectVersion = 50;
	objects = {

/* Begin PBXBuildFile section */
		2016B981223120FA00C93ED7 /* ServiceManager.swift in Sources */ = {isa = PBXBuildFile; fileRef = 2016B980223120FA00C93ED7 /* ServiceManager.swift */; };
		2016B983223126CA00C93ED7 /* CustomError.swift in Sources */ = {isa = PBXBuildFile; fileRef = 2016B982223126CA00C93ED7 /* CustomError.swift */; };
		2016B989223212BE00C93ED7 /* ContactListViewModelTests.swift in Sources */ = {isa = PBXBuildFile; fileRef = 2016B988223212BE00C93ED7 /* ContactListViewModelTests.swift */; };
		203A52EF22387DB7003150C8 /* UIColor+rgb.swift in Sources */ = {isa = PBXBuildFile; fileRef = 203A52EE22387DB7003150C8 /* UIColor+rgb.swift */; };
		203A52F022387DDD003150C8 /* UIColor+rgb.swift in Sources */ = {isa = PBXBuildFile; fileRef = 203A52EE22387DB7003150C8 /* UIColor+rgb.swift */; };
		203A52F2223889C7003150C8 /* UIViewController+Alert.swift in Sources */ = {isa = PBXBuildFile; fileRef = 203A52F1223889C7003150C8 /* UIViewController+Alert.swift */; };
		203A52F422388ABA003150C8 /* UIViewController+Loading.swift in Sources */ = {isa = PBXBuildFile; fileRef = 203A52F322388ABA003150C8 /* UIViewController+Loading.swift */; };
		205A7C1422298FB200F28112 /* ContactCollectionViewFlowLayout.swift in Sources */ = {isa = PBXBuildFile; fileRef = 205A7C1322298FB200F28112 /* ContactCollectionViewFlowLayout.swift */; };
		205A7C1622298FF000F28112 /* CollectionViewSizeClass.swift in Sources */ = {isa = PBXBuildFile; fileRef = 205A7C1522298FF000F28112 /* CollectionViewSizeClass.swift */; };
		205A7C182229903900F28112 /* ContactCollectionViewGridLayout.swift in Sources */ = {isa = PBXBuildFile; fileRef = 205A7C172229903900F28112 /* ContactCollectionViewGridLayout.swift */; };
		205A7C1E2229943A00F28112 /* CustomUIButton.swift in Sources */ = {isa = PBXBuildFile; fileRef = 205A7C1D2229943A00F28112 /* CustomUIButton.swift */; };
		205A7C21222994C800F28112 /* ContactCollectionViewCell.swift in Sources */ = {isa = PBXBuildFile; fileRef = 205A7C20222994C800F28112 /* ContactCollectionViewCell.swift */; };
		205A7C24222AC2DC00F28112 /* contacts.json in Resources */ = {isa = PBXBuildFile; fileRef = 205A7C23222AC2DC00F28112 /* contacts.json */; };
		2071C4CA2229809A0038C299 /* AppDelegate.swift in Sources */ = {isa = PBXBuildFile; fileRef = 2071C4C92229809A0038C299 /* AppDelegate.swift */; };
		2071C4D12229809C0038C299 /* Assets.xcassets in Resources */ = {isa = PBXBuildFile; fileRef = 2071C4D02229809C0038C299 /* Assets.xcassets */; };
		2071C4D42229809C0038C299 /* LaunchScreen.storyboard in Resources */ = {isa = PBXBuildFile; fileRef = 2071C4D22229809C0038C299 /* LaunchScreen.storyboard */; };
		2071C4DF2229809C0038C299 /* ContactsServiceTests.swift in Sources */ = {isa = PBXBuildFile; fileRef = 2071C4DE2229809C0038C299 /* ContactsServiceTests.swift */; };
		2071C4EB2229839C0038C299 /* Contact.swift in Sources */ = {isa = PBXBuildFile; fileRef = 2071C4EA2229839C0038C299 /* Contact.swift */; };
		2071C4EE222984490038C299 /* ContactService.swift in Sources */ = {isa = PBXBuildFile; fileRef = 2071C4ED222984490038C299 /* ContactService.swift */; };
		2071C4F4222986A80038C299 /* ContactListViewModel.swift in Sources */ = {isa = PBXBuildFile; fileRef = 2071C4F3222986A80038C299 /* ContactListViewModel.swift */; };
		2071C4FB22298E100038C299 /* ContactListViewController.swift in Sources */ = {isa = PBXBuildFile; fileRef = 2071C4FA22298E100038C299 /* ContactListViewController.swift */; };
		60F7DE75457D9B0346E4CA6C /* Pods_ContactsTests.framework in Frameworks */ = {isa = PBXBuildFile; fileRef = 0E92BF8725A90889FACF3A1B /* Pods_ContactsTests.framework */; };
		6964A459DA3D91AB7995CEDF /* Pods_Contacts.framework in Frameworks */ = {isa = PBXBuildFile; fileRef = A2E4E147E3613B47C7B9A75D /* Pods_Contacts.framework */; };
/* End PBXBuildFile section */

/* Begin PBXContainerItemProxy section */
		2071C4DB2229809C0038C299 /* PBXContainerItemProxy */ = {
			isa = PBXContainerItemProxy;
			containerPortal = 2071C4BE2229809A0038C299 /* Project object */;
			proxyType = 1;
			remoteGlobalIDString = 2071C4C52229809A0038C299;
			remoteInfo = Contacts;
		};
/* End PBXContainerItemProxy section */

/* Begin PBXFileReference section */
		07BBDC1FF0EE766718AE5922 /* Pods-Contacts.debug.xcconfig */ = {isa = PBXFileReference; includeInIndex = 1; lastKnownFileType = text.xcconfig; name = "Pods-Contacts.debug.xcconfig"; path = "Pods/Target Support Files/Pods-Contacts/Pods-Contacts.debug.xcconfig"; sourceTree = "<group>"; };
		0BBDB4E71623C67590E1DA6F /* Pods-ContactsTests.release.xcconfig */ = {isa = PBXFileReference; includeInIndex = 1; lastKnownFileType = text.xcconfig; name = "Pods-ContactsTests.release.xcconfig"; path = "Pods/Target Support Files/Pods-ContactsTests/Pods-ContactsTests.release.xcconfig"; sourceTree = "<group>"; };
		0E92BF8725A90889FACF3A1B /* Pods_ContactsTests.framework */ = {isa = PBXFileReference; explicitFileType = wrapper.framework; includeInIndex = 0; path = Pods_ContactsTests.framework; sourceTree = BUILT_PRODUCTS_DIR; };
		1296B830A287A867E546F88A /* Pods-Contacts.release.xcconfig */ = {isa = PBXFileReference; includeInIndex = 1; lastKnownFileType = text.xcconfig; name = "Pods-Contacts.release.xcconfig"; path = "Pods/Target Support Files/Pods-Contacts/Pods-Contacts.release.xcconfig"; sourceTree = "<group>"; };
		194375183651ADA08C8FC3CD /* Pods-ContactsTests.debug.xcconfig */ = {isa = PBXFileReference; includeInIndex = 1; lastKnownFileType = text.xcconfig; name = "Pods-ContactsTests.debug.xcconfig"; path = "Pods/Target Support Files/Pods-ContactsTests/Pods-ContactsTests.debug.xcconfig"; sourceTree = "<group>"; };
		2016B980223120FA00C93ED7 /* ServiceManager.swift */ = {isa = PBXFileReference; lastKnownFileType = sourcecode.swift; path = ServiceManager.swift; sourceTree = "<group>"; };
		2016B982223126CA00C93ED7 /* CustomError.swift */ = {isa = PBXFileReference; lastKnownFileType = sourcecode.swift; path = CustomError.swift; sourceTree = "<group>"; };
		2016B988223212BE00C93ED7 /* ContactListViewModelTests.swift */ = {isa = PBXFileReference; fileEncoding = 4; lastKnownFileType = sourcecode.swift; path = ContactListViewModelTests.swift; sourceTree = "<group>"; };
		203A52EE22387DB7003150C8 /* UIColor+rgb.swift */ = {isa = PBXFileReference; lastKnownFileType = sourcecode.swift; path = "UIColor+rgb.swift"; sourceTree = "<group>"; };
		203A52F1223889C7003150C8 /* UIViewController+Alert.swift */ = {isa = PBXFileReference; lastKnownFileType = sourcecode.swift; path = "UIViewController+Alert.swift"; sourceTree = "<group>"; };
		203A52F322388ABA003150C8 /* UIViewController+Loading.swift */ = {isa = PBXFileReference; lastKnownFileType = sourcecode.swift; path = "UIViewController+Loading.swift"; sourceTree = "<group>"; };
		205A7C1322298FB200F28112 /* ContactCollectionViewFlowLayout.swift */ = {isa = PBXFileReference; lastKnownFileType = sourcecode.swift; path = ContactCollectionViewFlowLayout.swift; sourceTree = "<group>"; };
		205A7C1522298FF000F28112 /* CollectionViewSizeClass.swift */ = {isa = PBXFileReference; lastKnownFileType = sourcecode.swift; path = CollectionViewSizeClass.swift; sourceTree = "<group>"; };
		205A7C172229903900F28112 /* ContactCollectionViewGridLayout.swift */ = {isa = PBXFileReference; lastKnownFileType = sourcecode.swift; path = ContactCollectionViewGridLayout.swift; sourceTree = "<group>"; };
		205A7C1D2229943A00F28112 /* CustomUIButton.swift */ = {isa = PBXFileReference; fileEncoding = 4; lastKnownFileType = sourcecode.swift; path = CustomUIButton.swift; sourceTree = "<group>"; };
		205A7C20222994C800F28112 /* ContactCollectionViewCell.swift */ = {isa = PBXFileReference; fileEncoding = 4; lastKnownFileType = sourcecode.swift; path = ContactCollectionViewCell.swift; sourceTree = "<group>"; };
		205A7C23222AC2DC00F28112 /* contacts.json */ = {isa = PBXFileReference; fileEncoding = 4; lastKnownFileType = text.json; path = contacts.json; sourceTree = "<group>"; };
		2071C4C62229809A0038C299 /* Contacts.app */ = {isa = PBXFileReference; explicitFileType = wrapper.application; includeInIndex = 0; path = Contacts.app; sourceTree = BUILT_PRODUCTS_DIR; };
		2071C4C92229809A0038C299 /* AppDelegate.swift */ = {isa = PBXFileReference; lastKnownFileType = sourcecode.swift; path = AppDelegate.swift; sourceTree = "<group>"; };
		2071C4D02229809C0038C299 /* Assets.xcassets */ = {isa = PBXFileReference; lastKnownFileType = folder.assetcatalog; path = Assets.xcassets; sourceTree = "<group>"; };
		2071C4D32229809C0038C299 /* Base */ = {isa = PBXFileReference; lastKnownFileType = file.storyboard; name = Base; path = Base.lproj/LaunchScreen.storyboard; sourceTree = "<group>"; };
		2071C4D52229809C0038C299 /* Info.plist */ = {isa = PBXFileReference; lastKnownFileType = text.plist.xml; path = Info.plist; sourceTree = "<group>"; };
		2071C4DA2229809C0038C299 /* ContactsTests.xctest */ = {isa = PBXFileReference; explicitFileType = wrapper.cfbundle; includeInIndex = 0; path = ContactsTests.xctest; sourceTree = BUILT_PRODUCTS_DIR; };
		2071C4DE2229809C0038C299 /* ContactsServiceTests.swift */ = {isa = PBXFileReference; lastKnownFileType = sourcecode.swift; path = ContactsServiceTests.swift; sourceTree = "<group>"; };
		2071C4E02229809C0038C299 /* Info.plist */ = {isa = PBXFileReference; lastKnownFileType = text.plist.xml; path = Info.plist; sourceTree = "<group>"; };
		2071C4EA2229839C0038C299 /* Contact.swift */ = {isa = PBXFileReference; lastKnownFileType = sourcecode.swift; path = Contact.swift; sourceTree = "<group>"; };
		2071C4ED222984490038C299 /* ContactService.swift */ = {isa = PBXFileReference; lastKnownFileType = sourcecode.swift; path = ContactService.swift; sourceTree = "<group>"; };
		2071C4F3222986A80038C299 /* ContactListViewModel.swift */ = {isa = PBXFileReference; lastKnownFileType = sourcecode.swift; path = ContactListViewModel.swift; sourceTree = "<group>"; };
		2071C4FA22298E100038C299 /* ContactListViewController.swift */ = {isa = PBXFileReference; lastKnownFileType = sourcecode.swift; path = ContactListViewController.swift; sourceTree = "<group>"; };
		A2E4E147E3613B47C7B9A75D /* Pods_Contacts.framework */ = {isa = PBXFileReference; explicitFileType = wrapper.framework; includeInIndex = 0; path = Pods_Contacts.framework; sourceTree = BUILT_PRODUCTS_DIR; };
/* End PBXFileReference section */

/* Begin PBXFrameworksBuildPhase section */
		2071C4C32229809A0038C299 /* Frameworks */ = {
			isa = PBXFrameworksBuildPhase;
			buildActionMask = 2147483647;
			files = (
				6964A459DA3D91AB7995CEDF /* Pods_Contacts.framework in Frameworks */,
			);
			runOnlyForDeploymentPostprocessing = 0;
		};
		2071C4D72229809C0038C299 /* Frameworks */ = {
			isa = PBXFrameworksBuildPhase;
			buildActionMask = 2147483647;
			files = (
				60F7DE75457D9B0346E4CA6C /* Pods_ContactsTests.framework in Frameworks */,
			);
			runOnlyForDeploymentPostprocessing = 0;
		};
/* End PBXFrameworksBuildPhase section */

/* Begin PBXGroup section */
		203A52ED22387D9A003150C8 /* Extension */ = {
			isa = PBXGroup;
			children = (
				203A52EE22387DB7003150C8 /* UIColor+rgb.swift */,
				203A52F1223889C7003150C8 /* UIViewController+Alert.swift */,
				203A52F322388ABA003150C8 /* UIViewController+Loading.swift */,
			);
			path = Extension;
			sourceTree = "<group>";
		};
		205A7C1B2229938A00F28112 /* Json */ = {
			isa = PBXGroup;
			children = (
				205A7C23222AC2DC00F28112 /* contacts.json */,
			);
			path = Json;
			sourceTree = "<group>";
		};
		205A7C1C2229942900F28112 /* CustomView */ = {
			isa = PBXGroup;
			children = (
				205A7C1F222994A700F28112 /* CustomCell */,
				205A7C22222ABBF700F28112 /* CustomButton */,
			);
			path = CustomView;
			sourceTree = "<group>";
		};
		205A7C1F222994A700F28112 /* CustomCell */ = {
			isa = PBXGroup;
			children = (
				205A7C20222994C800F28112 /* ContactCollectionViewCell.swift */,
			);
			path = CustomCell;
			sourceTree = "<group>";
		};
		205A7C22222ABBF700F28112 /* CustomButton */ = {
			isa = PBXGroup;
			children = (
				205A7C1D2229943A00F28112 /* CustomUIButton.swift */,
			);
			path = CustomButton;
			sourceTree = "<group>";
		};
		2071C4BD2229809A0038C299 = {
			isa = PBXGroup;
			children = (
				2071C4C82229809A0038C299 /* Contacts */,
				2071C4DD2229809C0038C299 /* ContactsTests */,
				2071C4C72229809A0038C299 /* Products */,
				E81BFAC4063086585F06F244 /* Pods */,
				2B175BBC9619282A1CD8DC2D /* Frameworks */,
			);
			sourceTree = "<group>";
		};
		2071C4C72229809A0038C299 /* Products */ = {
			isa = PBXGroup;
			children = (
				2071C4C62229809A0038C299 /* Contacts.app */,
				2071C4DA2229809C0038C299 /* ContactsTests.xctest */,
			);
			name = Products;
			sourceTree = "<group>";
		};
		2071C4C82229809A0038C299 /* Contacts */ = {
			isa = PBXGroup;
			children = (
				2071C4FE22298E7A0038C299 /* CollectionViewLayout */,
				205A7C1C2229942900F28112 /* CustomView */,
				2071C4FD22298E730038C299 /* Helper */,
				2071C4F0222986670038C299 /* Module */,
				2071C4C92229809A0038C299 /* AppDelegate.swift */,
				2071C4D02229809C0038C299 /* Assets.xcassets */,
				2071C4D22229809C0038C299 /* LaunchScreen.storyboard */,
				2071C4D52229809C0038C299 /* Info.plist */,
			);
			path = Contacts;
			sourceTree = "<group>";
		};
		2071C4DD2229809C0038C299 /* ContactsTests */ = {
			isa = PBXGroup;
			children = (
				2016B988223212BE00C93ED7 /* ContactListViewModelTests.swift */,
				2071C4DE2229809C0038C299 /* ContactsServiceTests.swift */,
				2071C4E02229809C0038C299 /* Info.plist */,
			);
			path = ContactsTests;
			sourceTree = "<group>";
		};
		2071C4E9222982DF0038C299 /* Model */ = {
			isa = PBXGroup;
			children = (
				2071C4EA2229839C0038C299 /* Contact.swift */,
			);
			path = Model;
			sourceTree = "<group>";
		};
		2071C4EC222984230038C299 /* Service */ = {
			isa = PBXGroup;
			children = (
				2071C4ED222984490038C299 /* ContactService.swift */,
				2016B980223120FA00C93ED7 /* ServiceManager.swift */,
				2016B982223126CA00C93ED7 /* CustomError.swift */,
			);
			path = Service;
			sourceTree = "<group>";
		};
		2071C4F0222986670038C299 /* Module */ = {
			isa = PBXGroup;
			children = (
				2071C4F1222986790038C299 /* Contacts */,
			);
			path = Module;
			sourceTree = "<group>";
		};
		2071C4F1222986790038C299 /* Contacts */ = {
			isa = PBXGroup;
			children = (
				2071C4FC22298E1C0038C299 /* ViewController */,
				2071C4E9222982DF0038C299 /* Model */,
				2071C4EC222984230038C299 /* Service */,
				2071C4F2222986830038C299 /* ViewModel */,
			);
			path = Contacts;
			sourceTree = "<group>";
		};
		2071C4F2222986830038C299 /* ViewModel */ = {
			isa = PBXGroup;
			children = (
				2071C4F3222986A80038C299 /* ContactListViewModel.swift */,
			);
			path = ViewModel;
			sourceTree = "<group>";
		};
		2071C4FC22298E1C0038C299 /* ViewController */ = {
			isa = PBXGroup;
			children = (
				2071C4FA22298E100038C299 /* ContactListViewController.swift */,
			);
			path = ViewController;
			sourceTree = "<group>";
		};
		2071C4FD22298E730038C299 /* Helper */ = {
			isa = PBXGroup;
			children = (
				203A52ED22387D9A003150C8 /* Extension */,
				205A7C1B2229938A00F28112 /* Json */,
			);
			path = Helper;
			sourceTree = "<group>";
		};
		2071C4FE22298E7A0038C299 /* CollectionViewLayout */ = {
			isa = PBXGroup;
			children = (
				205A7C1322298FB200F28112 /* ContactCollectionViewFlowLayout.swift */,
				205A7C1522298FF000F28112 /* CollectionViewSizeClass.swift */,
				205A7C172229903900F28112 /* ContactCollectionViewGridLayout.swift */,
			);
			path = CollectionViewLayout;
			sourceTree = "<group>";
		};
		2B175BBC9619282A1CD8DC2D /* Frameworks */ = {
			isa = PBXGroup;
			children = (
				A2E4E147E3613B47C7B9A75D /* Pods_Contacts.framework */,
				0E92BF8725A90889FACF3A1B /* Pods_ContactsTests.framework */,
			);
			name = Frameworks;
			sourceTree = "<group>";
		};
		E81BFAC4063086585F06F244 /* Pods */ = {
			isa = PBXGroup;
			children = (
				07BBDC1FF0EE766718AE5922 /* Pods-Contacts.debug.xcconfig */,
				1296B830A287A867E546F88A /* Pods-Contacts.release.xcconfig */,
				194375183651ADA08C8FC3CD /* Pods-ContactsTests.debug.xcconfig */,
				0BBDB4E71623C67590E1DA6F /* Pods-ContactsTests.release.xcconfig */,
			);
			name = Pods;
			sourceTree = "<group>";
		};
/* End PBXGroup section */

/* Begin PBXNativeTarget section */
		2071C4C52229809A0038C299 /* Contacts */ = {
			isa = PBXNativeTarget;
			buildConfigurationList = 2071C4E32229809C0038C299 /* Build configuration list for PBXNativeTarget "Contacts" */;
			buildPhases = (
				A676C1200D85B00BD9B01098 /* [CP] Check Pods Manifest.lock */,
				2071C4C22229809A0038C299 /* Sources */,
				2071C4C32229809A0038C299 /* Frameworks */,
				2071C4C42229809A0038C299 /* Resources */,
				51EF532A02C33ED1AFF2119E /* [CP] Embed Pods Frameworks */,
			);
			buildRules = (
			);
			dependencies = (
			);
			name = Contacts;
			productName = Contacts;
			productReference = 2071C4C62229809A0038C299 /* Contacts.app */;
			productType = "com.apple.product-type.application";
		};
		2071C4D92229809C0038C299 /* ContactsTests */ = {
			isa = PBXNativeTarget;
			buildConfigurationList = 2071C4E62229809C0038C299 /* Build configuration list for PBXNativeTarget "ContactsTests" */;
			buildPhases = (
				1566E8D9BB4C453D88BB9F2B /* [CP] Check Pods Manifest.lock */,
				2071C4D62229809C0038C299 /* Sources */,
				2071C4D72229809C0038C299 /* Frameworks */,
				2071C4D82229809C0038C299 /* Resources */,
			);
			buildRules = (
			);
			dependencies = (
				2071C4DC2229809C0038C299 /* PBXTargetDependency */,
			);
			name = ContactsTests;
			productName = ContactsTests;
			productReference = 2071C4DA2229809C0038C299 /* ContactsTests.xctest */;
			productType = "com.apple.product-type.bundle.unit-test";
		};
/* End PBXNativeTarget section */

/* Begin PBXProject section */
		2071C4BE2229809A0038C299 /* Project object */ = {
			isa = PBXProject;
			attributes = {
				LastSwiftUpdateCheck = 1010;
				LastUpgradeCheck = 1010;
				ORGANIZATIONNAME = "Evana Islam";
				TargetAttributes = {
					2071C4C52229809A0038C299 = {
						CreatedOnToolsVersion = 10.1;
					};
					2071C4D92229809C0038C299 = {
						CreatedOnToolsVersion = 10.1;
						TestTargetID = 2071C4C52229809A0038C299;
					};
				};
			};
			buildConfigurationList = 2071C4C12229809A0038C299 /* Build configuration list for PBXProject "Contacts" */;
			compatibilityVersion = "Xcode 9.3";
			developmentRegion = en;
			hasScannedForEncodings = 0;
			knownRegions = (
				en,
				Base,
			);
			mainGroup = 2071C4BD2229809A0038C299;
			productRefGroup = 2071C4C72229809A0038C299 /* Products */;
			projectDirPath = "";
			projectRoot = "";
			targets = (
				2071C4C52229809A0038C299 /* Contacts */,
				2071C4D92229809C0038C299 /* ContactsTests */,
			);
		};
/* End PBXProject section */

/* Begin PBXResourcesBuildPhase section */
		2071C4C42229809A0038C299 /* Resources */ = {
			isa = PBXResourcesBuildPhase;
			buildActionMask = 2147483647;
			files = (
				2071C4D42229809C0038C299 /* LaunchScreen.storyboard in Resources */,
				205A7C24222AC2DC00F28112 /* contacts.json in Resources */,
				2071C4D12229809C0038C299 /* Assets.xcassets in Resources */,
			);
			runOnlyForDeploymentPostprocessing = 0;
		};
		2071C4D82229809C0038C299 /* Resources */ = {
			isa = PBXResourcesBuildPhase;
			buildActionMask = 2147483647;
			files = (
			);
			runOnlyForDeploymentPostprocessing = 0;
		};
/* End PBXResourcesBuildPhase section */

/* Begin PBXShellScriptBuildPhase section */
		1566E8D9BB4C453D88BB9F2B /* [CP] Check Pods Manifest.lock */ = {
			isa = PBXShellScriptBuildPhase;
			buildActionMask = 2147483647;
			files = (
			);
			inputPaths = (
				"${PODS_PODFILE_DIR_PATH}/Podfile.lock",
				"${PODS_ROOT}/Manifest.lock",
			);
			name = "[CP] Check Pods Manifest.lock";
			outputPaths = (
				"$(DERIVED_FILE_DIR)/Pods-ContactsTests-checkManifestLockResult.txt",
			);
			runOnlyForDeploymentPostprocessing = 0;
			shellPath = /bin/sh;
			shellScript = "diff \"${PODS_PODFILE_DIR_PATH}/Podfile.lock\" \"${PODS_ROOT}/Manifest.lock\" > /dev/null\nif [ $? != 0 ] ; then\n    # print error to STDERR\n    echo \"error: The sandbox is not in sync with the Podfile.lock. Run 'pod install' or update your CocoaPods installation.\" >&2\n    exit 1\nfi\n# This output is used by Xcode 'outputs' to avoid re-running this script phase.\necho \"SUCCESS\" > \"${SCRIPT_OUTPUT_FILE_0}\"\n";
			showEnvVarsInLog = 0;
		};
		51EF532A02C33ED1AFF2119E /* [CP] Embed Pods Frameworks */ = {
			isa = PBXShellScriptBuildPhase;
			buildActionMask = 2147483647;
			files = (
			);
			inputPaths = (
				"${SRCROOT}/Pods/Target Support Files/Pods-Contacts/Pods-Contacts-frameworks.sh",
				"${BUILT_PRODUCTS_DIR}/SnapKit/SnapKit.framework",
			);
			name = "[CP] Embed Pods Frameworks";
			outputPaths = (
				"${TARGET_BUILD_DIR}/${FRAMEWORKS_FOLDER_PATH}/SnapKit.framework",
			);
			runOnlyForDeploymentPostprocessing = 0;
			shellPath = /bin/sh;
			shellScript = "\"${SRCROOT}/Pods/Target Support Files/Pods-Contacts/Pods-Contacts-frameworks.sh\"\n";
			showEnvVarsInLog = 0;
		};
		A676C1200D85B00BD9B01098 /* [CP] Check Pods Manifest.lock */ = {
			isa = PBXShellScriptBuildPhase;
			buildActionMask = 2147483647;
			files = (
			);
			inputPaths = (
				"${PODS_PODFILE_DIR_PATH}/Podfile.lock",
				"${PODS_ROOT}/Manifest.lock",
			);
			name = "[CP] Check Pods Manifest.lock";
			outputPaths = (
				"$(DERIVED_FILE_DIR)/Pods-Contacts-checkManifestLockResult.txt",
			);
			runOnlyForDeploymentPostprocessing = 0;
			shellPath = /bin/sh;
			shellScript = "diff \"${PODS_PODFILE_DIR_PATH}/Podfile.lock\" \"${PODS_ROOT}/Manifest.lock\" > /dev/null\nif [ $? != 0 ] ; then\n    # print error to STDERR\n    echo \"error: The sandbox is not in sync with the Podfile.lock. Run 'pod install' or update your CocoaPods installation.\" >&2\n    exit 1\nfi\n# This output is used by Xcode 'outputs' to avoid re-running this script phase.\necho \"SUCCESS\" > \"${SCRIPT_OUTPUT_FILE_0}\"\n";
			showEnvVarsInLog = 0;
		};
/* End PBXShellScriptBuildPhase section */

/* Begin PBXSourcesBuildPhase section */
		2071C4C22229809A0038C299 /* Sources */ = {
			isa = PBXSourcesBuildPhase;
			buildActionMask = 2147483647;
			files = (
				203A52F2223889C7003150C8 /* UIViewController+Alert.swift in Sources */,
				203A52EF22387DB7003150C8 /* UIColor+rgb.swift in Sources */,
				205A7C1622298FF000F28112 /* CollectionViewSizeClass.swift in Sources */,
				205A7C182229903900F28112 /* ContactCollectionViewGridLayout.swift in Sources */,
				2071C4EB2229839C0038C299 /* Contact.swift in Sources */,
				2071C4F4222986A80038C299 /* ContactListViewModel.swift in Sources */,
				205A7C21222994C800F28112 /* ContactCollectionViewCell.swift in Sources */,
				2071C4CA2229809A0038C299 /* AppDelegate.swift in Sources */,
				2016B983223126CA00C93ED7 /* CustomError.swift in Sources */,
				205A7C1E2229943A00F28112 /* CustomUIButton.swift in Sources */,
				205A7C1422298FB200F28112 /* ContactCollectionViewFlowLayout.swift in Sources */,
				2071C4EE222984490038C299 /* ContactService.swift in Sources */,
				2016B981223120FA00C93ED7 /* ServiceManager.swift in Sources */,
				2071C4FB22298E100038C299 /* ContactListViewController.swift in Sources */,
				203A52F422388ABA003150C8 /* UIViewController+Loading.swift in Sources */,
			);
			runOnlyForDeploymentPostprocessing = 0;
		};
		2071C4D62229809C0038C299 /* Sources */ = {
			isa = PBXSourcesBuildPhase;
			buildActionMask = 2147483647;
			files = (
				203A52F022387DDD003150C8 /* UIColor+rgb.swift in Sources */,
				2071C4DF2229809C0038C299 /* ContactsServiceTests.swift in Sources */,
				2016B989223212BE00C93ED7 /* ContactListViewModelTests.swift in Sources */,
			);
			runOnlyForDeploymentPostprocessing = 0;
		};
/* End PBXSourcesBuildPhase section */

/* Begin PBXTargetDependency section */
		2071C4DC2229809C0038C299 /* PBXTargetDependency */ = {
			isa = PBXTargetDependency;
			target = 2071C4C52229809A0038C299 /* Contacts */;
			targetProxy = 2071C4DB2229809C0038C299 /* PBXContainerItemProxy */;
		};
/* End PBXTargetDependency section */

/* Begin PBXVariantGroup section */
		2071C4D22229809C0038C299 /* LaunchScreen.storyboard */ = {
			isa = PBXVariantGroup;
			children = (
				2071C4D32229809C0038C299 /* Base */,
			);
			name = LaunchScreen.storyboard;
			sourceTree = "<group>";
		};
/* End PBXVariantGroup section */

/* Begin XCBuildConfiguration section */
		2071C4E12229809C0038C299 /* Debug */ = {
			isa = XCBuildConfiguration;
			buildSettings = {
				ALWAYS_SEARCH_USER_PATHS = NO;
				CLANG_ANALYZER_NONNULL = YES;
				CLANG_ANALYZER_NUMBER_OBJECT_CONVERSION = YES_AGGRESSIVE;
				CLANG_CXX_LANGUAGE_STANDARD = "gnu++14";
				CLANG_CXX_LIBRARY = "libc++";
				CLANG_ENABLE_MODULES = YES;
				CLANG_ENABLE_OBJC_ARC = YES;
				CLANG_ENABLE_OBJC_WEAK = YES;
				CLANG_WARN_BLOCK_CAPTURE_AUTORELEASING = YES;
				CLANG_WARN_BOOL_CONVERSION = YES;
				CLANG_WARN_COMMA = YES;
				CLANG_WARN_CONSTANT_CONVERSION = YES;
				CLANG_WARN_DEPRECATED_OBJC_IMPLEMENTATIONS = YES;
				CLANG_WARN_DIRECT_OBJC_ISA_USAGE = YES_ERROR;
				CLANG_WARN_DOCUMENTATION_COMMENTS = YES;
				CLANG_WARN_EMPTY_BODY = YES;
				CLANG_WARN_ENUM_CONVERSION = YES;
				CLANG_WARN_INFINITE_RECURSION = YES;
				CLANG_WARN_INT_CONVERSION = YES;
				CLANG_WARN_NON_LITERAL_NULL_CONVERSION = YES;
				CLANG_WARN_OBJC_IMPLICIT_RETAIN_SELF = YES;
				CLANG_WARN_OBJC_LITERAL_CONVERSION = YES;
				CLANG_WARN_OBJC_ROOT_CLASS = YES_ERROR;
				CLANG_WARN_RANGE_LOOP_ANALYSIS = YES;
				CLANG_WARN_STRICT_PROTOTYPES = YES;
				CLANG_WARN_SUSPICIOUS_MOVE = YES;
				CLANG_WARN_UNGUARDED_AVAILABILITY = YES_AGGRESSIVE;
				CLANG_WARN_UNREACHABLE_CODE = YES;
				CLANG_WARN__DUPLICATE_METHOD_MATCH = YES;
				CODE_SIGN_IDENTITY = "iPhone Developer";
				COPY_PHASE_STRIP = NO;
				DEBUG_INFORMATION_FORMAT = dwarf;
				ENABLE_STRICT_OBJC_MSGSEND = YES;
				ENABLE_TESTABILITY = YES;
				GCC_C_LANGUAGE_STANDARD = gnu11;
				GCC_DYNAMIC_NO_PIC = NO;
				GCC_NO_COMMON_BLOCKS = YES;
				GCC_OPTIMIZATION_LEVEL = 0;
				GCC_PREPROCESSOR_DEFINITIONS = (
					"DEBUG=1",
					"$(inherited)",
				);
				GCC_WARN_64_TO_32_BIT_CONVERSION = YES;
				GCC_WARN_ABOUT_RETURN_TYPE = YES_ERROR;
				GCC_WARN_UNDECLARED_SELECTOR = YES;
				GCC_WARN_UNINITIALIZED_AUTOS = YES_AGGRESSIVE;
				GCC_WARN_UNUSED_FUNCTION = YES;
				GCC_WARN_UNUSED_VARIABLE = YES;
				IPHONEOS_DEPLOYMENT_TARGET = 12.1;
				MTL_ENABLE_DEBUG_INFO = INCLUDE_SOURCE;
				MTL_FAST_MATH = YES;
				ONLY_ACTIVE_ARCH = YES;
				SDKROOT = iphoneos;
				SWIFT_ACTIVE_COMPILATION_CONDITIONS = DEBUG;
				SWIFT_OPTIMIZATION_LEVEL = "-Onone";
			};
			name = Debug;
		};
		2071C4E22229809C0038C299 /* Release */ = {
			isa = XCBuildConfiguration;
			buildSettings = {
				ALWAYS_SEARCH_USER_PATHS = NO;
				CLANG_ANALYZER_NONNULL = YES;
				CLANG_ANALYZER_NUMBER_OBJECT_CONVERSION = YES_AGGRESSIVE;
				CLANG_CXX_LANGUAGE_STANDARD = "gnu++14";
				CLANG_CXX_LIBRARY = "libc++";
				CLANG_ENABLE_MODULES = YES;
				CLANG_ENABLE_OBJC_ARC = YES;
				CLANG_ENABLE_OBJC_WEAK = YES;
				CLANG_WARN_BLOCK_CAPTURE_AUTORELEASING = YES;
				CLANG_WARN_BOOL_CONVERSION = YES;
				CLANG_WARN_COMMA = YES;
				CLANG_WARN_CONSTANT_CONVERSION = YES;
				CLANG_WARN_DEPRECATED_OBJC_IMPLEMENTATIONS = YES;
				CLANG_WARN_DIRECT_OBJC_ISA_USAGE = YES_ERROR;
				CLANG_WARN_DOCUMENTATION_COMMENTS = YES;
				CLANG_WARN_EMPTY_BODY = YES;
				CLANG_WARN_ENUM_CONVERSION = YES;
				CLANG_WARN_INFINITE_RECURSION = YES;
				CLANG_WARN_INT_CONVERSION = YES;
				CLANG_WARN_NON_LITERAL_NULL_CONVERSION = YES;
				CLANG_WARN_OBJC_IMPLICIT_RETAIN_SELF = YES;
				CLANG_WARN_OBJC_LITERAL_CONVERSION = YES;
				CLANG_WARN_OBJC_ROOT_CLASS = YES_ERROR;
				CLANG_WARN_RANGE_LOOP_ANALYSIS = YES;
				CLANG_WARN_STRICT_PROTOTYPES = YES;
				CLANG_WARN_SUSPICIOUS_MOVE = YES;
				CLANG_WARN_UNGUARDED_AVAILABILITY = YES_AGGRESSIVE;
				CLANG_WARN_UNREACHABLE_CODE = YES;
				CLANG_WARN__DUPLICATE_METHOD_MATCH = YES;
				CODE_SIGN_IDENTITY = "iPhone Developer";
				COPY_PHASE_STRIP = NO;
				DEBUG_INFORMATION_FORMAT = "dwarf-with-dsym";
				ENABLE_NS_ASSERTIONS = NO;
				ENABLE_STRICT_OBJC_MSGSEND = YES;
				GCC_C_LANGUAGE_STANDARD = gnu11;
				GCC_NO_COMMON_BLOCKS = YES;
				GCC_WARN_64_TO_32_BIT_CONVERSION = YES;
				GCC_WARN_ABOUT_RETURN_TYPE = YES_ERROR;
				GCC_WARN_UNDECLARED_SELECTOR = YES;
				GCC_WARN_UNINITIALIZED_AUTOS = YES_AGGRESSIVE;
				GCC_WARN_UNUSED_FUNCTION = YES;
				GCC_WARN_UNUSED_VARIABLE = YES;
				IPHONEOS_DEPLOYMENT_TARGET = 12.1;
				MTL_ENABLE_DEBUG_INFO = NO;
				MTL_FAST_MATH = YES;
				SDKROOT = iphoneos;
				SWIFT_COMPILATION_MODE = wholemodule;
				SWIFT_OPTIMIZATION_LEVEL = "-O";
				VALIDATE_PRODUCT = YES;
			};
			name = Release;
		};
		2071C4E42229809C0038C299 /* Debug */ = {
			isa = XCBuildConfiguration;
			baseConfigurationReference = 07BBDC1FF0EE766718AE5922 /* Pods-Contacts.debug.xcconfig */;
			buildSettings = {
				ASSETCATALOG_COMPILER_APPICON_NAME = AppIcon;
				CODE_SIGN_STYLE = Automatic;
				INFOPLIST_FILE = Contacts/Info.plist;
				IPHONEOS_DEPLOYMENT_TARGET = 9.0;
				LD_RUNPATH_SEARCH_PATHS = (
					"$(inherited)",
					"@executable_path/Frameworks",
				);
				PRODUCT_BUNDLE_IDENTIFIER = evana.Contacts;
				PRODUCT_NAME = "$(TARGET_NAME)";
				SWIFT_VERSION = 4.2;
				TARGETED_DEVICE_FAMILY = "1,2";
			};
			name = Debug;
		};
		2071C4E52229809C0038C299 /* Release */ = {
			isa = XCBuildConfiguration;
			baseConfigurationReference = 1296B830A287A867E546F88A /* Pods-Contacts.release.xcconfig */;
			buildSettings = {
				ASSETCATALOG_COMPILER_APPICON_NAME = AppIcon;
				CODE_SIGN_STYLE = Automatic;
				INFOPLIST_FILE = Contacts/Info.plist;
				IPHONEOS_DEPLOYMENT_TARGET = 9.0;
				LD_RUNPATH_SEARCH_PATHS = (
					"$(inherited)",
					"@executable_path/Frameworks",
				);
				PRODUCT_BUNDLE_IDENTIFIER = evana.Contacts;
				PRODUCT_NAME = "$(TARGET_NAME)";
				SWIFT_VERSION = 4.2;
				TARGETED_DEVICE_FAMILY = "1,2";
			};
			name = Release;
		};
		2071C4E72229809C0038C299 /* Debug */ = {
			isa = XCBuildConfiguration;
			baseConfigurationReference = 194375183651ADA08C8FC3CD /* Pods-ContactsTests.debug.xcconfig */;
			buildSettings = {
				ALWAYS_EMBED_SWIFT_STANDARD_LIBRARIES = YES;
				BUNDLE_LOADER = "$(TEST_HOST)";
				CODE_SIGN_STYLE = Automatic;
				INFOPLIST_FILE = ContactsTests/Info.plist;
				LD_RUNPATH_SEARCH_PATHS = (
					"$(inherited)",
					"@executable_path/Frameworks",
					"@loader_path/Frameworks",
				);
				PRODUCT_BUNDLE_IDENTIFIER = evana.ContactsTests;
				PRODUCT_NAME = "$(TARGET_NAME)";
				SWIFT_VERSION = 4.2;
				TARGETED_DEVICE_FAMILY = "1,2";
				TEST_HOST = "$(BUILT_PRODUCTS_DIR)/Contacts.app/Contacts";
			};
			name = Debug;
		};
		2071C4E82229809C0038C299 /* Release */ = {
			isa = XCBuildConfiguration;
			baseConfigurationReference = 0BBDB4E71623C67590E1DA6F /* Pods-ContactsTests.release.xcconfig */;
			buildSettings = {
				ALWAYS_EMBED_SWIFT_STANDARD_LIBRARIES = YES;
				BUNDLE_LOADER = "$(TEST_HOST)";
				CODE_SIGN_STYLE = Automatic;
				INFOPLIST_FILE = ContactsTests/Info.plist;
				LD_RUNPATH_SEARCH_PATHS = (
					"$(inherited)",
					"@executable_path/Frameworks",
					"@loader_path/Frameworks",
				);
				PRODUCT_BUNDLE_IDENTIFIER = evana.ContactsTests;
				PRODUCT_NAME = "$(TARGET_NAME)";
				SWIFT_VERSION = 4.2;
				TARGETED_DEVICE_FAMILY = "1,2";
				TEST_HOST = "$(BUILT_PRODUCTS_DIR)/Contacts.app/Contacts";
			};
			name = Release;
		};
/* End XCBuildConfiguration section */

/* Begin XCConfigurationList section */
		2071C4C12229809A0038C299 /* Build configuration list for PBXProject "Contacts" */ = {
			isa = XCConfigurationList;
			buildConfigurations = (
				2071C4E12229809C0038C299 /* Debug */,
				2071C4E22229809C0038C299 /* Release */,
			);
			defaultConfigurationIsVisible = 0;
			defaultConfigurationName = Release;
		};
		2071C4E32229809C0038C299 /* Build configuration list for PBXNativeTarget "Contacts" */ = {
			isa = XCConfigurationList;
			buildConfigurations = (
				2071C4E42229809C0038C299 /* Debug */,
				2071C4E52229809C0038C299 /* Release */,
			);
			defaultConfigurationIsVisible = 0;
			defaultConfigurationName = Release;
		};
		2071C4E62229809C0038C299 /* Build configuration list for PBXNativeTarget "ContactsTests" */ = {
			isa = XCConfigurationList;
			buildConfigurations = (
				2071C4E72229809C0038C299 /* Debug */,
				2071C4E82229809C0038C299 /* Release */,
			);
			defaultConfigurationIsVisible = 0;
			defaultConfigurationName = Release;
		};
/* End XCConfigurationList section */
	};
	rootObject = 2071C4BE2229809A0038C299 /* Project object */;
}
